
Microsoft Visual Studio Solution File, Format Version 12.00
# Visual Studio Version 17
VisualStudioVersion = 17.5.33530.505
MinimumVisualStudioVersion = 10.0.40219.1
Project("{FAE04EC0-301F-11D3-BF4B-00C04F79EFBC}") = "Listener_ClientApp", "Listener_ClientApp\Listener_ClientApp.csproj", "{2E6487EC-4543-4629-9727-C3E5141BD6FF}"
EndProject
Project("{FAE04EC0-301F-11D3-BF4B-00C04F79EFBC}") = "Artist_ClientApp", "Artist_ClientApp\Artist_ClientApp.csproj", "{32A55950-682A-451C-8FAF-A3D85C937481}"
EndProject
Project("{FAE04EC0-301F-11D3-BF4B-00C04F79EFBC}") = "ServerApp", "ServerApp\ServerApp.csproj", "{06CDEBC3-2B25-4768-9AD0-D89B8B5C2607}"
EndProject
Global
	GlobalSection(SolutionConfigurationPlatforms) = preSolution
		Debug|Any CPU = Debug|Any CPU
		Release|Any CPU = Release|Any CPU
	EndGlobalSection
	GlobalSection(ProjectConfigurationPlatforms) = postSolution
		{2E6487EC-4543-4629-9727-C3E5141BD6FF}.Debug|Any CPU.ActiveCfg = Debug|Any CPU
		{2E6487EC-4543-4629-9727-C3E5141BD6FF}.Debug|Any CPU.Build.0 = Debug|Any CPU
		{2E6487EC-4543-4629-9727-C3E5141BD6FF}.Release|Any CPU.ActiveCfg = Release|Any CPU
		{2E6487EC-4543-4629-9727-C3E5141BD6FF}.Release|Any CPU.Build.0 = Release|Any CPU
		{32A55950-682A-451C-8FAF-A3D85C937481}.Debug|Any CPU.ActiveCfg = Debug|Any CPU
		{32A55950-682A-451C-8FAF-A3D85C937481}.Debug|Any CPU.Build.0 = Debug|Any CPU
		{32A55950-682A-451C-8FAF-A3D85C937481}.Release|Any CPU.ActiveCfg = Release|Any CPU
		{32A55950-682A-451C-8FAF-A3D85C937481}.Release|Any CPU.Build.0 = Release|Any CPU
		{06CDEBC3-2B25-4768-9AD0-D89B8B5C2607}.Debug|Any CPU.ActiveCfg = Debug|Any CPU
		{06CDEBC3-2B25-4768-9AD0-D89B8B5C2607}.Debug|Any CPU.Build.0 = Debug|Any CPU
		{06CDEBC3-2B25-4768-9AD0-D89B8B5C2607}.Release|Any CPU.ActiveCfg = Release|Any CPU
		{06CDEBC3-2B25-4768-9AD0-D89B8B5C2607}.Release|Any CPU.Build.0 = Release|Any CPU
	EndGlobalSection
	GlobalSection(SolutionProperties) = preSolution
		HideSolutionNode = FALSE
	EndGlobalSection
	GlobalSection(ExtensibilityGlobals) = postSolution
		SolutionGuid = {755B7419-98FD-49C3-B2D0-E1D7E7414EF4}
	EndGlobalSection
EndGlobal
